// !$*UTF8*$!
{
	archiveVersion = 1;
	classes = {
	};
	objectVersion = 46;
	objects = {

/* Begin PBXBuildFile section */
		C9196F3518F2669A003D2E51 /* UILabel+MTZStyles.m in Sources */ = {isa = PBXBuildFile; fileRef = C9196F3418F2669A003D2E51 /* UILabel+MTZStyles.m */; };
		C998220018EDAC1E00983B36 /* Foundation.framework in Frameworks */ = {isa = PBXBuildFile; fileRef = C99821FF18EDAC1E00983B36 /* Foundation.framework */; };
		C998220218EDAC1E00983B36 /* CoreGraphics.framework in Frameworks */ = {isa = PBXBuildFile; fileRef = C998220118EDAC1E00983B36 /* CoreGraphics.framework */; };
		C998220418EDAC1E00983B36 /* UIKit.framework in Frameworks */ = {isa = PBXBuildFile; fileRef = C998220318EDAC1E00983B36 /* UIKit.framework */; };
		C998220A18EDAC1E00983B36 /* InfoPlist.strings in Resources */ = {isa = PBXBuildFile; fileRef = C998220818EDAC1E00983B36 /* InfoPlist.strings */; };
		C998220C18EDAC1E00983B36 /* main.m in Sources */ = {isa = PBXBuildFile; fileRef = C998220B18EDAC1E00983B36 /* main.m */; };
		C998221018EDAC1E00983B36 /* MTZAppDelegate.m in Sources */ = {isa = PBXBuildFile; fileRef = C998220F18EDAC1E00983B36 /* MTZAppDelegate.m */; };
		C998221318EDAC1E00983B36 /* Main.storyboard in Resources */ = {isa = PBXBuildFile; fileRef = C998221118EDAC1E00983B36 /* Main.storyboard */; };
		C998221618EDAC1E00983B36 /* MTZViewController.m in Sources */ = {isa = PBXBuildFile; fileRef = C998221518EDAC1E00983B36 /* MTZViewController.m */; };
		C998221818EDAC1E00983B36 /* Images.xcassets in Resources */ = {isa = PBXBuildFile; fileRef = C998221718EDAC1E00983B36 /* Images.xcassets */; };
		C998221F18EDAC1E00983B36 /* XCTest.framework in Frameworks */ = {isa = PBXBuildFile; fileRef = C998221E18EDAC1E00983B36 /* XCTest.framework */; };
		C998222018EDAC1E00983B36 /* Foundation.framework in Frameworks */ = {isa = PBXBuildFile; fileRef = C99821FF18EDAC1E00983B36 /* Foundation.framework */; };
		C998222118EDAC1E00983B36 /* UIKit.framework in Frameworks */ = {isa = PBXBuildFile; fileRef = C998220318EDAC1E00983B36 /* UIKit.framework */; };
		C998222918EDAC1E00983B36 /* InfoPlist.strings in Resources */ = {isa = PBXBuildFile; fileRef = C998222718EDAC1E00983B36 /* InfoPlist.strings */; };
		C998222B18EDAC1E00983B36 /* Matt_ZanchelliTests.m in Sources */ = {isa = PBXBuildFile; fileRef = C998222A18EDAC1E00983B36 /* Matt_ZanchelliTests.m */; };
		C998232218F2050800983B36 /* MTZStoryboardSegue.m in Sources */ = {isa = PBXBuildFile; fileRef = C998232118F2050800983B36 /* MTZStoryboardSegue.m */; };
		C998232518F255C100983B36 /* MTZAboutViewController.m in Sources */ = {isa = PBXBuildFile; fileRef = C998232418F255C100983B36 /* MTZAboutViewController.m */; };
		C998232818F2562500983B36 /* MTZBackgroundViewController.m in Sources */ = {isa = PBXBuildFile; fileRef = C998232718F2562500983B36 /* MTZBackgroundViewController.m */; };
		C998232B18F2563100983B36 /* MTZProjectsViewController.m in Sources */ = {isa = PBXBuildFile; fileRef = C998232A18F2563100983B36 /* MTZProjectsViewController.m */; };
		C998232E18F25C5400983B36 /* MyriadSetPro-Thin.ttf in Resources */ = {isa = PBXBuildFile; fileRef = C998232C18F25C5400983B36 /* MyriadSetPro-Thin.ttf */; };
		C998233218F25F6000983B36 /* MyriadPro-Regular.otf in Resources */ = {isa = PBXBuildFile; fileRef = C998233118F25F5B00983B36 /* MyriadPro-Regular.otf */; };
		C998233518F260FB00983B36 /* UIFont+MTZStyles.m in Sources */ = {isa = PBXBuildFile; fileRef = C998233418F260FB00983B36 /* UIFont+MTZStyles.m */; };
		C9B4631A18F47639000D480D /* MyriadPro-Bold.otf in Resources */ = {isa = PBXBuildFile; fileRef = C9B4631918F47639000D480D /* MyriadPro-Bold.otf */; };
/* End PBXBuildFile section */

/* Begin PBXContainerItemProxy section */
		C998222218EDAC1E00983B36 /* PBXContainerItemProxy */ = {
			isa = PBXContainerItemProxy;
			containerPortal = C99821F418EDAC1E00983B36 /* Project object */;
			proxyType = 1;
			remoteGlobalIDString = C99821FB18EDAC1E00983B36;
			remoteInfo = "Matt Zanchelli";
		};
/* End PBXContainerItemProxy section */

/* Begin PBXFileReference section */
		C9196F3318F2669A003D2E51 /* UILabel+MTZStyles.h */ = {isa = PBXFileReference; fileEncoding = 4; lastKnownFileType = sourcecode.c.h; path = "UILabel+MTZStyles.h"; sourceTree = "<group>"; };
		C9196F3418F2669A003D2E51 /* UILabel+MTZStyles.m */ = {isa = PBXFileReference; fileEncoding = 4; lastKnownFileType = sourcecode.c.objc; path = "UILabel+MTZStyles.m"; sourceTree = "<group>"; };
		C99821FC18EDAC1E00983B36 /* Matt Zanchelli.app */ = {isa = PBXFileReference; explicitFileType = wrapper.application; includeInIndex = 0; path = "Matt Zanchelli.app"; sourceTree = BUILT_PRODUCTS_DIR; };
		C99821FF18EDAC1E00983B36 /* Foundation.framework */ = {isa = PBXFileReference; lastKnownFileType = wrapper.framework; name = Foundation.framework; path = System/Library/Frameworks/Foundation.framework; sourceTree = SDKROOT; };
		C998220118EDAC1E00983B36 /* CoreGraphics.framework */ = {isa = PBXFileReference; lastKnownFileType = wrapper.framework; name = CoreGraphics.framework; path = System/Library/Frameworks/CoreGraphics.framework; sourceTree = SDKROOT; };
		C998220318EDAC1E00983B36 /* UIKit.framework */ = {isa = PBXFileReference; lastKnownFileType = wrapper.framework; name = UIKit.framework; path = System/Library/Frameworks/UIKit.framework; sourceTree = SDKROOT; };
		C998220718EDAC1E00983B36 /* Matt Zanchelli-Info.plist */ = {isa = PBXFileReference; lastKnownFileType = text.plist.xml; path = "Matt Zanchelli-Info.plist"; sourceTree = "<group>"; };
		C998220918EDAC1E00983B36 /* en */ = {isa = PBXFileReference; lastKnownFileType = text.plist.strings; name = en; path = en.lproj/InfoPlist.strings; sourceTree = "<group>"; };
		C998220B18EDAC1E00983B36 /* main.m */ = {isa = PBXFileReference; lastKnownFileType = sourcecode.c.objc; path = main.m; sourceTree = "<group>"; };
		C998220D18EDAC1E00983B36 /* Matt Zanchelli-Prefix.pch */ = {isa = PBXFileReference; lastKnownFileType = sourcecode.c.h; path = "Matt Zanchelli-Prefix.pch"; sourceTree = "<group>"; };
		C998220E18EDAC1E00983B36 /* MTZAppDelegate.h */ = {isa = PBXFileReference; lastKnownFileType = sourcecode.c.h; path = MTZAppDelegate.h; sourceTree = "<group>"; };
		C998220F18EDAC1E00983B36 /* MTZAppDelegate.m */ = {isa = PBXFileReference; lastKnownFileType = sourcecode.c.objc; path = MTZAppDelegate.m; sourceTree = "<group>"; };
		C998221218EDAC1E00983B36 /* Base */ = {isa = PBXFileReference; lastKnownFileType = file.storyboard; name = Base; path = Base.lproj/Main.storyboard; sourceTree = "<group>"; };
		C998221418EDAC1E00983B36 /* MTZViewController.h */ = {isa = PBXFileReference; lastKnownFileType = sourcecode.c.h; path = MTZViewController.h; sourceTree = "<group>"; };
		C998221518EDAC1E00983B36 /* MTZViewController.m */ = {isa = PBXFileReference; lastKnownFileType = sourcecode.c.objc; path = MTZViewController.m; sourceTree = "<group>"; };
		C998221718EDAC1E00983B36 /* Images.xcassets */ = {isa = PBXFileReference; lastKnownFileType = folder.assetcatalog; path = Images.xcassets; sourceTree = "<group>"; };
		C998221D18EDAC1E00983B36 /* Matt ZanchelliTests.xctest */ = {isa = PBXFileReference; explicitFileType = wrapper.cfbundle; includeInIndex = 0; path = "Matt ZanchelliTests.xctest"; sourceTree = BUILT_PRODUCTS_DIR; };
		C998221E18EDAC1E00983B36 /* XCTest.framework */ = {isa = PBXFileReference; lastKnownFileType = wrapper.framework; name = XCTest.framework; path = Library/Frameworks/XCTest.framework; sourceTree = DEVELOPER_DIR; };
		C998222618EDAC1E00983B36 /* Matt ZanchelliTests-Info.plist */ = {isa = PBXFileReference; lastKnownFileType = text.plist.xml; path = "Matt ZanchelliTests-Info.plist"; sourceTree = "<group>"; };
		C998222818EDAC1E00983B36 /* en */ = {isa = PBXFileReference; lastKnownFileType = text.plist.strings; name = en; path = en.lproj/InfoPlist.strings; sourceTree = "<group>"; };
		C998222A18EDAC1E00983B36 /* Matt_ZanchelliTests.m */ = {isa = PBXFileReference; lastKnownFileType = sourcecode.c.objc; path = Matt_ZanchelliTests.m; sourceTree = "<group>"; };
		C998232018F2050800983B36 /* MTZStoryboardSegue.h */ = {isa = PBXFileReference; fileEncoding = 4; lastKnownFileType = sourcecode.c.h; path = MTZStoryboardSegue.h; sourceTree = "<group>"; };
		C998232118F2050800983B36 /* MTZStoryboardSegue.m */ = {isa = PBXFileReference; fileEncoding = 4; lastKnownFileType = sourcecode.c.objc; path = MTZStoryboardSegue.m; sourceTree = "<group>"; };
		C998232318F255C100983B36 /* MTZAboutViewController.h */ = {isa = PBXFileReference; fileEncoding = 4; lastKnownFileType = sourcecode.c.h; path = MTZAboutViewController.h; sourceTree = "<group>"; };
		C998232418F255C100983B36 /* MTZAboutViewController.m */ = {isa = PBXFileReference; fileEncoding = 4; lastKnownFileType = sourcecode.c.objc; path = MTZAboutViewController.m; sourceTree = "<group>"; };
		C998232618F2562500983B36 /* MTZBackgroundViewController.h */ = {isa = PBXFileReference; fileEncoding = 4; lastKnownFileType = sourcecode.c.h; path = MTZBackgroundViewController.h; sourceTree = "<group>"; };
		C998232718F2562500983B36 /* MTZBackgroundViewController.m */ = {isa = PBXFileReference; fileEncoding = 4; lastKnownFileType = sourcecode.c.objc; path = MTZBackgroundViewController.m; sourceTree = "<group>"; };
		C998232918F2563100983B36 /* MTZProjectsViewController.h */ = {isa = PBXFileReference; fileEncoding = 4; lastKnownFileType = sourcecode.c.h; path = MTZProjectsViewController.h; sourceTree = "<group>"; };
		C998232A18F2563100983B36 /* MTZProjectsViewController.m */ = {isa = PBXFileReference; fileEncoding = 4; lastKnownFileType = sourcecode.c.objc; path = MTZProjectsViewController.m; sourceTree = "<group>"; };
		C998232C18F25C5400983B36 /* MyriadSetPro-Thin.ttf */ = {isa = PBXFileReference; lastKnownFileType = file; path = "MyriadSetPro-Thin.ttf"; sourceTree = "<group>"; };
		C998233118F25F5B00983B36 /* MyriadPro-Regular.otf */ = {isa = PBXFileReference; lastKnownFileType = file; path = "MyriadPro-Regular.otf"; sourceTree = "<group>"; };
		C998233318F260FB00983B36 /* UIFont+MTZStyles.h */ = {isa = PBXFileReference; fileEncoding = 4; lastKnownFileType = sourcecode.c.h; path = "UIFont+MTZStyles.h"; sourceTree = "<group>"; };
		C998233418F260FB00983B36 /* UIFont+MTZStyles.m */ = {isa = PBXFileReference; fileEncoding = 4; lastKnownFileType = sourcecode.c.objc; path = "UIFont+MTZStyles.m"; sourceTree = "<group>"; };
		C9B4631918F47639000D480D /* MyriadPro-Bold.otf */ = {isa = PBXFileReference; lastKnownFileType = file; path = "MyriadPro-Bold.otf"; sourceTree = "<group>"; };
/* End PBXFileReference section */

/* Begin PBXFrameworksBuildPhase section */
		C99821F918EDAC1E00983B36 /* Frameworks */ = {
			isa = PBXFrameworksBuildPhase;
			buildActionMask = 2147483647;
			files = (
				C998220218EDAC1E00983B36 /* CoreGraphics.framework in Frameworks */,
				C998220418EDAC1E00983B36 /* UIKit.framework in Frameworks */,
				C998220018EDAC1E00983B36 /* Foundation.framework in Frameworks */,
			);
			runOnlyForDeploymentPostprocessing = 0;
		};
		C998221A18EDAC1E00983B36 /* Frameworks */ = {
			isa = PBXFrameworksBuildPhase;
			buildActionMask = 2147483647;
			files = (
				C998221F18EDAC1E00983B36 /* XCTest.framework in Frameworks */,
				C998222118EDAC1E00983B36 /* UIKit.framework in Frameworks */,
				C998222018EDAC1E00983B36 /* Foundation.framework in Frameworks */,
			);
			runOnlyForDeploymentPostprocessing = 0;
		};
/* End PBXFrameworksBuildPhase section */

/* Begin PBXGroup section */
		C99821F318EDAC1E00983B36 = {
			isa = PBXGroup;
			children = (
				C998220518EDAC1E00983B36 /* Matt Zanchelli */,
				C998222418EDAC1E00983B36 /* Matt ZanchelliTests */,
				C99821FE18EDAC1E00983B36 /* Frameworks */,
				C99821FD18EDAC1E00983B36 /* Products */,
			);
			sourceTree = "<group>";
		};
		C99821FD18EDAC1E00983B36 /* Products */ = {
			isa = PBXGroup;
			children = (
				C99821FC18EDAC1E00983B36 /* Matt Zanchelli.app */,
				C998221D18EDAC1E00983B36 /* Matt ZanchelliTests.xctest */,
			);
			name = Products;
			sourceTree = "<group>";
		};
		C99821FE18EDAC1E00983B36 /* Frameworks */ = {
			isa = PBXGroup;
			children = (
				C99821FF18EDAC1E00983B36 /* Foundation.framework */,
				C998220118EDAC1E00983B36 /* CoreGraphics.framework */,
				C998220318EDAC1E00983B36 /* UIKit.framework */,
				C998221E18EDAC1E00983B36 /* XCTest.framework */,
			);
			name = Frameworks;
			sourceTree = "<group>";
		};
		C998220518EDAC1E00983B36 /* Matt Zanchelli */ = {
			isa = PBXGroup;
			children = (
				C998220E18EDAC1E00983B36 /* MTZAppDelegate.h */,
				C998220F18EDAC1E00983B36 /* MTZAppDelegate.m */,
				C998221118EDAC1E00983B36 /* Main.storyboard */,
				C998232018F2050800983B36 /* MTZStoryboardSegue.h */,
				C998232118F2050800983B36 /* MTZStoryboardSegue.m */,
				C998221418EDAC1E00983B36 /* MTZViewController.h */,
				C998221518EDAC1E00983B36 /* MTZViewController.m */,
				C998232318F255C100983B36 /* MTZAboutViewController.h */,
				C998232418F255C100983B36 /* MTZAboutViewController.m */,
				C998232618F2562500983B36 /* MTZBackgroundViewController.h */,
				C998232718F2562500983B36 /* MTZBackgroundViewController.m */,
				C998232918F2563100983B36 /* MTZProjectsViewController.h */,
				C998232A18F2563100983B36 /* MTZProjectsViewController.m */,
				C998221718EDAC1E00983B36 /* Images.xcassets */,
				C998233018F25C5900983B36 /* Fonts */,
				C998220618EDAC1E00983B36 /* Supporting Files */,
			);
			path = "Matt Zanchelli";
			sourceTree = "<group>";
		};
		C998220618EDAC1E00983B36 /* Supporting Files */ = {
			isa = PBXGroup;
			children = (
				C998220718EDAC1E00983B36 /* Matt Zanchelli-Info.plist */,
				C998220818EDAC1E00983B36 /* InfoPlist.strings */,
				C998220B18EDAC1E00983B36 /* main.m */,
				C998220D18EDAC1E00983B36 /* Matt Zanchelli-Prefix.pch */,
			);
			name = "Supporting Files";
			sourceTree = "<group>";
		};
		C998222418EDAC1E00983B36 /* Matt ZanchelliTests */ = {
			isa = PBXGroup;
			children = (
				C998222A18EDAC1E00983B36 /* Matt_ZanchelliTests.m */,
				C998222518EDAC1E00983B36 /* Supporting Files */,
			);
			path = "Matt ZanchelliTests";
			sourceTree = "<group>";
		};
		C998222518EDAC1E00983B36 /* Supporting Files */ = {
			isa = PBXGroup;
			children = (
				C998222618EDAC1E00983B36 /* Matt ZanchelliTests-Info.plist */,
				C998222718EDAC1E00983B36 /* InfoPlist.strings */,
			);
			name = "Supporting Files";
			sourceTree = "<group>";
		};
		C998233018F25C5900983B36 /* Fonts */ = {
			isa = PBXGroup;
			children = (
				C998232C18F25C5400983B36 /* MyriadSetPro-Thin.ttf */,
				C998233118F25F5B00983B36 /* MyriadPro-Regular.otf */,
				C9B4631918F47639000D480D /* MyriadPro-Bold.otf */,
				C998233318F260FB00983B36 /* UIFont+MTZStyles.h */,
				C998233418F260FB00983B36 /* UIFont+MTZStyles.m */,
				C9196F3318F2669A003D2E51 /* UILabel+MTZStyles.h */,
				C9196F3418F2669A003D2E51 /* UILabel+MTZStyles.m */,
			);
			name = Fonts;
			sourceTree = "<group>";
		};
/* End PBXGroup section */

/* Begin PBXNativeTarget section */
		C99821FB18EDAC1E00983B36 /* Matt Zanchelli */ = {
			isa = PBXNativeTarget;
			buildConfigurationList = C998222E18EDAC1E00983B36 /* Build configuration list for PBXNativeTarget "Matt Zanchelli" */;
			buildPhases = (
				C99821F818EDAC1E00983B36 /* Sources */,
				C99821F918EDAC1E00983B36 /* Frameworks */,
				C99821FA18EDAC1E00983B36 /* Resources */,
			);
			buildRules = (
			);
			dependencies = (
			);
			name = "Matt Zanchelli";
			productName = "Matt Zanchelli";
			productReference = C99821FC18EDAC1E00983B36 /* Matt Zanchelli.app */;
			productType = "com.apple.product-type.application";
		};
		C998221C18EDAC1E00983B36 /* Matt ZanchelliTests */ = {
			isa = PBXNativeTarget;
			buildConfigurationList = C998223118EDAC1E00983B36 /* Build configuration list for PBXNativeTarget "Matt ZanchelliTests" */;
			buildPhases = (
				C998221918EDAC1E00983B36 /* Sources */,
				C998221A18EDAC1E00983B36 /* Frameworks */,
				C998221B18EDAC1E00983B36 /* Resources */,
			);
			buildRules = (
			);
			dependencies = (
				C998222318EDAC1E00983B36 /* PBXTargetDependency */,
			);
			name = "Matt ZanchelliTests";
			productName = "Matt ZanchelliTests";
			productReference = C998221D18EDAC1E00983B36 /* Matt ZanchelliTests.xctest */;
			productType = "com.apple.product-type.bundle.unit-test";
		};
/* End PBXNativeTarget section */

/* Begin PBXProject section */
		C99821F418EDAC1E00983B36 /* Project object */ = {
			isa = PBXProject;
			attributes = {
				CLASSPREFIX = MTZ;
				LastUpgradeCheck = 0510;
				ORGANIZATIONNAME = "Matt Zanchelli";
				TargetAttributes = {
					C998221C18EDAC1E00983B36 = {
						TestTargetID = C99821FB18EDAC1E00983B36;
					};
				};
			};
			buildConfigurationList = C99821F718EDAC1E00983B36 /* Build configuration list for PBXProject "Matt Zanchelli" */;
			compatibilityVersion = "Xcode 3.2";
			developmentRegion = English;
			hasScannedForEncodings = 0;
			knownRegions = (
				en,
				Base,
			);
			mainGroup = C99821F318EDAC1E00983B36;
			productRefGroup = C99821FD18EDAC1E00983B36 /* Products */;
			projectDirPath = "";
			projectRoot = "";
			targets = (
				C99821FB18EDAC1E00983B36 /* Matt Zanchelli */,
				C998221C18EDAC1E00983B36 /* Matt ZanchelliTests */,
			);
		};
/* End PBXProject section */

/* Begin PBXResourcesBuildPhase section */
		C99821FA18EDAC1E00983B36 /* Resources */ = {
			isa = PBXResourcesBuildPhase;
			buildActionMask = 2147483647;
			files = (
				C998233218F25F6000983B36 /* MyriadPro-Regular.otf in Resources */,
				C998232E18F25C5400983B36 /* MyriadSetPro-Thin.ttf in Resources */,
				C9B4631A18F47639000D480D /* MyriadPro-Bold.otf in Resources */,
				C998221818EDAC1E00983B36 /* Images.xcassets in Resources */,
				C998220A18EDAC1E00983B36 /* InfoPlist.strings in Resources */,
				C998221318EDAC1E00983B36 /* Main.storyboard in Resources */,
			);
			runOnlyForDeploymentPostprocessing = 0;
		};
		C998221B18EDAC1E00983B36 /* Resources */ = {
			isa = PBXResourcesBuildPhase;
			buildActionMask = 2147483647;
			files = (
				C998222918EDAC1E00983B36 /* InfoPlist.strings in Resources */,
			);
			runOnlyForDeploymentPostprocessing = 0;
		};
/* End PBXResourcesBuildPhase section */

/* Begin PBXSourcesBuildPhase section */
		C99821F818EDAC1E00983B36 /* Sources */ = {
			isa = PBXSourcesBuildPhase;
			buildActionMask = 2147483647;
			files = (
				C998232B18F2563100983B36 /* MTZProjectsViewController.m in Sources */,
				C998232218F2050800983B36 /* MTZStoryboardSegue.m in Sources */,
				C998221018EDAC1E00983B36 /* MTZAppDelegate.m in Sources */,
				C998232818F2562500983B36 /* MTZBackgroundViewController.m in Sources */,
				C998233518F260FB00983B36 /* UIFont+MTZStyles.m in Sources */,
				C9196F3518F2669A003D2E51 /* UILabel+MTZStyles.m in Sources */,
				C998220C18EDAC1E00983B36 /* main.m in Sources */,
				C998232518F255C100983B36 /* MTZAboutViewController.m in Sources */,
				C998221618EDAC1E00983B36 /* MTZViewController.m in Sources */,
			);
			runOnlyForDeploymentPostprocessing = 0;
		};
		C998221918EDAC1E00983B36 /* Sources */ = {
			isa = PBXSourcesBuildPhase;
			buildActionMask = 2147483647;
			files = (
				C998222B18EDAC1E00983B36 /* Matt_ZanchelliTests.m in Sources */,
			);
			runOnlyForDeploymentPostprocessing = 0;
		};
/* End PBXSourcesBuildPhase section */

/* Begin PBXTargetDependency section */
		C998222318EDAC1E00983B36 /* PBXTargetDependency */ = {
			isa = PBXTargetDependency;
			target = C99821FB18EDAC1E00983B36 /* Matt Zanchelli */;
			targetProxy = C998222218EDAC1E00983B36 /* PBXContainerItemProxy */;
		};
/* End PBXTargetDependency section */

/* Begin PBXVariantGroup section */
		C998220818EDAC1E00983B36 /* InfoPlist.strings */ = {
			isa = PBXVariantGroup;
			children = (
				C998220918EDAC1E00983B36 /* en */,
			);
			name = InfoPlist.strings;
			sourceTree = "<group>";
		};
		C998221118EDAC1E00983B36 /* Main.storyboard */ = {
			isa = PBXVariantGroup;
			children = (
				C998221218EDAC1E00983B36 /* Base */,
			);
			name = Main.storyboard;
			sourceTree = "<group>";
		};
		C998222718EDAC1E00983B36 /* InfoPlist.strings */ = {
			isa = PBXVariantGroup;
			children = (
				C998222818EDAC1E00983B36 /* en */,
			);
			name = InfoPlist.strings;
			sourceTree = "<group>";
		};
/* End PBXVariantGroup section */

/* Begin XCBuildConfiguration section */
		C998222C18EDAC1E00983B36 /* Debug */ = {
			isa = XCBuildConfiguration;
			buildSettings = {
				ALWAYS_SEARCH_USER_PATHS = NO;
				CLANG_CXX_LANGUAGE_STANDARD = "gnu++0x";
				CLANG_CXX_LIBRARY = "libc++";
				CLANG_ENABLE_MODULES = YES;
				CLANG_ENABLE_OBJC_ARC = YES;
				CLANG_WARN_BOOL_CONVERSION = YES;
				CLANG_WARN_CONSTANT_CONVERSION = YES;
				CLANG_WARN_DIRECT_OBJC_ISA_USAGE = YES_ERROR;
				CLANG_WARN_EMPTY_BODY = YES;
				CLANG_WARN_ENUM_CONVERSION = YES;
				CLANG_WARN_INT_CONVERSION = YES;
				CLANG_WARN_OBJC_ROOT_CLASS = YES_ERROR;
				CLANG_WARN__DUPLICATE_METHOD_MATCH = YES;
				"CODE_SIGN_IDENTITY[sdk=iphoneos*]" = "iPhone Developer";
				COPY_PHASE_STRIP = NO;
				GCC_C_LANGUAGE_STANDARD = gnu99;
				GCC_DYNAMIC_NO_PIC = NO;
				GCC_OPTIMIZATION_LEVEL = 0;
				GCC_PREPROCESSOR_DEFINITIONS = (
					"DEBUG=1",
					"$(inherited)",
				);
				GCC_SYMBOLS_PRIVATE_EXTERN = NO;
				GCC_WARN_64_TO_32_BIT_CONVERSION = YES;
				GCC_WARN_ABOUT_RETURN_TYPE = YES_ERROR;
				GCC_WARN_UNDECLARED_SELECTOR = YES;
				GCC_WARN_UNINITIALIZED_AUTOS = YES_AGGRESSIVE;
				GCC_WARN_UNUSED_FUNCTION = YES;
				GCC_WARN_UNUSED_VARIABLE = YES;
				IPHONEOS_DEPLOYMENT_TARGET = 7.1;
				ONLY_ACTIVE_ARCH = YES;
				SDKROOT = iphoneos;
				TARGETED_DEVICE_FAMILY = 2;
			};
			name = Debug;
		};
		C998222D18EDAC1E00983B36 /* Release */ = {
			isa = XCBuildConfiguration;
			buildSettings = {
				ALWAYS_SEARCH_USER_PATHS = NO;
				CLANG_CXX_LANGUAGE_STANDARD = "gnu++0x";
				CLANG_CXX_LIBRARY = "libc++";
				CLANG_ENABLE_MODULES = YES;
				CLANG_ENABLE_OBJC_ARC = YES;
				CLANG_WARN_BOOL_CONVERSION = YES;
				CLANG_WARN_CONSTANT_CONVERSION = YES;
				CLANG_WARN_DIRECT_OBJC_ISA_USAGE = YES_ERROR;
				CLANG_WARN_EMPTY_BODY = YES;
				CLANG_WARN_ENUM_CONVERSION = YES;
				CLANG_WARN_INT_CONVERSION = YES;
				CLANG_WARN_OBJC_ROOT_CLASS = YES_ERROR;
				CLANG_WARN__DUPLICATE_METHOD_MATCH = YES;
				"CODE_SIGN_IDENTITY[sdk=iphoneos*]" = "iPhone Developer";
				COPY_PHASE_STRIP = YES;
				ENABLE_NS_ASSERTIONS = NO;
				GCC_C_LANGUAGE_STANDARD = gnu99;
				GCC_WARN_64_TO_32_BIT_CONVERSION = YES;
				GCC_WARN_ABOUT_RETURN_TYPE = YES_ERROR;
				GCC_WARN_UNDECLARED_SELECTOR = YES;
				GCC_WARN_UNINITIALIZED_AUTOS = YES_AGGRESSIVE;
				GCC_WARN_UNUSED_FUNCTION = YES;
				GCC_WARN_UNUSED_VARIABLE = YES;
				IPHONEOS_DEPLOYMENT_TARGET = 7.1;
				SDKROOT = iphoneos;
				TARGETED_DEVICE_FAMILY = 2;
				VALIDATE_PRODUCT = YES;
			};
			name = Release;
		};
		C998222F18EDAC1E00983B36 /* Debug */ = {
			isa = XCBuildConfiguration;
			buildSettings = {
				ASSETCATALOG_COMPILER_APPICON_NAME = AppIcon;
				ASSETCATALOG_COMPILER_LAUNCHIMAGE_NAME = LaunchImage;
				GCC_PRECOMPILE_PREFIX_HEADER = YES;
				GCC_PREFIX_HEADER = "Matt Zanchelli/Matt Zanchelli-Prefix.pch";
				INFOPLIST_FILE = "Matt Zanchelli/Matt Zanchelli-Info.plist";
				PRODUCT_NAME = "$(TARGET_NAME)";
				WRAPPER_EXTENSION = app;
			};
			name = Debug;
		};
		C998223018EDAC1E00983B36 /* Release */ = {
			isa = XCBuildConfiguration;
			buildSettings = {
				ASSETCATALOG_COMPILER_APPICON_NAME = AppIcon;
				ASSETCATALOG_COMPILER_LAUNCHIMAGE_NAME = LaunchImage;
				GCC_PRECOMPILE_PREFIX_HEADER = YES;
				GCC_PREFIX_HEADER = "Matt Zanchelli/Matt Zanchelli-Prefix.pch";
				INFOPLIST_FILE = "Matt Zanchelli/Matt Zanchelli-Info.plist";
				PRODUCT_NAME = "$(TARGET_NAME)";
				WRAPPER_EXTENSION = app;
			};
			name = Release;
		};
		C998223218EDAC1E00983B36 /* Debug */ = {
			isa = XCBuildConfiguration;
			buildSettings = {
				BUNDLE_LOADER = "$(BUILT_PRODUCTS_DIR)/Matt Zanchelli.app/Matt Zanchelli";
				FRAMEWORK_SEARCH_PATHS = (
					"$(SDKROOT)/Developer/Library/Frameworks",
					"$(inherited)",
					"$(DEVELOPER_FRAMEWORKS_DIR)",
				);
				GCC_PRECOMPILE_PREFIX_HEADER = YES;
				GCC_PREFIX_HEADER = "Matt Zanchelli/Matt Zanchelli-Prefix.pch";
				GCC_PREPROCESSOR_DEFINITIONS = (
					"DEBUG=1",
					"$(inherited)",
				);
				INFOPLIST_FILE = "Matt ZanchelliTests/Matt ZanchelliTests-Info.plist";
				PRODUCT_NAME = "$(TARGET_NAME)";
				TEST_HOST = "$(BUNDLE_LOADER)";
				WRAPPER_EXTENSION = xctest;
			};
			name = Debug;
		};
		C998223318EDAC1E00983B36 /* Release */ = {
			isa = XCBuildConfiguration;
			buildSettings = {
				BUNDLE_LOADER = "$(BUILT_PRODUCTS_DIR)/Matt Zanchelli.app/Matt Zanchelli";
				FRAMEWORK_SEARCH_PATHS = (
					"$(SDKROOT)/Developer/Library/Frameworks",
					"$(inherited)",
					"$(DEVELOPER_FRAMEWORKS_DIR)",
				);
				GCC_PRECOMPILE_PREFIX_HEADER = YES;
				GCC_PREFIX_HEADER = "Matt Zanchelli/Matt Zanchelli-Prefix.pch";
				INFOPLIST_FILE = "Matt ZanchelliTests/Matt ZanchelliTests-Info.plist";
				PRODUCT_NAME = "$(TARGET_NAME)";
				TEST_HOST = "$(BUNDLE_LOADER)";
				WRAPPER_EXTENSION = xctest;
			};
			name = Release;
		};
/* End XCBuildConfiguration section */

/* Begin XCConfigurationList section */
		C99821F718EDAC1E00983B36 /* Build configuration list for PBXProject "Matt Zanchelli" */ = {
			isa = XCConfigurationList;
			buildConfigurations = (
				C998222C18EDAC1E00983B36 /* Debug */,
				C998222D18EDAC1E00983B36 /* Release */,
			);
			defaultConfigurationIsVisible = 0;
			defaultConfigurationName = Release;
		};
		C998222E18EDAC1E00983B36 /* Build configuration list for PBXNativeTarget "Matt Zanchelli" */ = {
			isa = XCConfigurationList;
			buildConfigurations = (
				C998222F18EDAC1E00983B36 /* Debug */,
				C998223018EDAC1E00983B36 /* Release */,
			);
			defaultConfigurationIsVisible = 0;
			defaultConfigurationName = Release;
		};
		C998223118EDAC1E00983B36 /* Build configuration list for PBXNativeTarget "Matt ZanchelliTests" */ = {
			isa = XCConfigurationList;
			buildConfigurations = (
				C998223218EDAC1E00983B36 /* Debug */,
				C998223318EDAC1E00983B36 /* Release */,
			);
			defaultConfigurationIsVisible = 0;
			defaultConfigurationName = Release;
		};
/* End XCConfigurationList section */
	};
	rootObject = C99821F418EDAC1E00983B36 /* Project object */;
}
